
Microsoft Visual Studio Solution File, Format Version 12.00
# Visual Studio Version 17
VisualStudioVersion = 17.6.33723.286
MinimumVisualStudioVersion = 10.0.40219.1
Project("{8BC9CEB8-8B4A-11D0-8D11-00A0C91BC942}") = "DZ_Rim_Number", "DZ_Rim_Number\DZ_Rim_Number.vcxproj", "{C254611C-D0AC-44B2-AB2E-3778DDFD812F}"
EndProject
Global
	GlobalSection(SolutionConfigurationPlatforms) = preSolution
		Debug|x64 = Debug|x64
		Debug|x86 = Debug|x86
		Release|x64 = Release|x64
		Release|x86 = Release|x86
	EndGlobalSection
	GlobalSection(ProjectConfigurationPlatforms) = postSolution
		{C254611C-D0AC-44B2-AB2E-3778DDFD812F}.Debug|x64.ActiveCfg = Debug|x64
		{C254611C-D0AC-44B2-AB2E-3778DDFD812F}.Debug|x64.Build.0 = Debug|x64
		{C254611C-D0AC-44B2-AB2E-3778DDFD812F}.Debug|x86.ActiveCfg = Debug|Win32
		{C254611C-D0AC-44B2-AB2E-3778DDFD812F}.Debug|x86.Build.0 = Debug|Win32
		{C254611C-D0AC-44B2-AB2E-3778DDFD812F}.Release|x64.ActiveCfg = Release|x64
		{C254611C-D0AC-44B2-AB2E-3778DDFD812F}.Release|x64.Build.0 = Release|x64
		{C254611C-D0AC-44B2-AB2E-3778DDFD812F}.Release|x86.ActiveCfg = Release|Win32
		{C254611C-D0AC-44B2-AB2E-3778DDFD812F}.Release|x86.Build.0 = Release|Win32
	EndGlobalSection
	GlobalSection(SolutionProperties) = preSolution
		HideSolutionNode = FALSE
	EndGlobalSection
	GlobalSection(ExtensibilityGlobals) = postSolution
		SolutionGuid = {7AC28022-154B-43FE-B0E1-8806F162DC98}
	EndGlobalSection
EndGlobal
